Mirror in progress since Sun, 21 Jan 2024 18:55:53 .. please wait!
httrack http://luanboshiysclub.com/ -O website/luanboshiysclub -v -s0 -#p -#L1000000000000 http://luanboshiysclub.com/ -O website/luanboshiysclub -v -s0 -#p -#L1000000000000 -iC2 http://luanboshiysclub.com/ -O website/luanboshiysclub -v -s0 -#p -#L1000000000000 -iC1 http://luanboshiysclub.com/ -O website/luanboshiysclub -v -s0 -#p -#L1000000000000 -iC1 http://luanboshiysclub.com/ -O website/luanboshiysclub -v -s0 -#p -#L1000000000000 -iC1 http://luanboshiysclub.com/ -O website/luanboshiysclub -v -s0 -#p -#L1000000000000 -iC1 http://luanboshiysclub.com/ -O website/luanboshiysclub -v -s0 -#p -#L1000000000000 -iC1 http://luanboshiysclub.com/ -O website/luanboshiysclub -v -s0 -#p -#L1000000000000 -iC1 http://luanboshiysclub.com/ -O website/luanboshiysclub -v -s0 -#p -#L1000000000000 -iC1 http://luanboshiysclub.com/ -O website/luanboshiysclub -v -s0 -#p -#L1000000000000 -iC1 http://luanboshiysclub.com/ -O website/luanboshiysclub -v -s0 -#p -#L1000000000000 -iC1 http://luanboshiysclub.com/ -O website/luanboshiysclub -v -s0 -#p -#L1000000000000 -iC1 http://luanboshiysclub.com/ -O website/luanboshiysclub -v -s0 -#p -#L1000000000000 -iC1 http://luanboshiysclub.com/ -O website/luanboshiysclub -v -s0 -#p -#L1000000000000 -iC1 
To pause the engine: create an empty file named 'hts-stop.lock'
PID=2281
UID=1001
GID=1001
START=1705863353
